
Microsoft Visual Studio Solution File, Format Version 12.00
# Visual Studio for Mac
Project("{FAE04EC0-301F-11D3-BF4B-00C04F79EFBC}") = "bombkingv2.7.1", "Assembly-CSharp.csproj", "{FFCE152A-DE4A-3C3B-BAD1-5CB31D86930C}"
EndProject
Global
	GlobalSection(SolutionConfigurationPlatforms) = preSolution
		Debug|Any CPU = Debug|Any CPU
		Release|Any CPU = Release|Any CPU
	EndGlobalSection
	GlobalSection(ProjectConfigurationPlatforms) = postSolution
		{FFCE152A-DE4A-3C3B-BAD1-5CB31D86930C}.Debug|Any CPU.ActiveCfg = Debug|Any CPU
		{FFCE152A-DE4A-3C3B-BAD1-5CB31D86930C}.Debug|Any CPU.Build.0 = Debug|Any CPU
		{FFCE152A-DE4A-3C3B-BAD1-5CB31D86930C}.Release|Any CPU.ActiveCfg = Release|Any CPU
		{FFCE152A-DE4A-3C3B-BAD1-5CB31D86930C}.Release|Any CPU.Build.0 = Release|Any CPU
	EndGlobalSection
	GlobalSection(SolutionProperties) = preSolution
		HideSolutionNode = FALSE
	EndGlobalSection
EndGlobal
